
Microsoft Visual Studio Solution File, Format Version 12.00
# Visual Studio Version 17
VisualStudioVersion = 17.0.32014.148
MinimumVisualStudioVersion = 10.0.40219.1
Project("{FAE04EC0-301F-11D3-BF4B-00C04F79EFBC}") = "chat", "chat\chat.csproj", "{C490C0D7-B2F1-4894-835E-83ED6DE65F82}"
EndProject
Project("{FAE04EC0-301F-11D3-BF4B-00C04F79EFBC}") = "TCPServer", "TCPServer\TCPServer.csproj", "{8438C0C4-4A50-4175-8484-B00C5CB59401}"
EndProject
Global
	GlobalSection(SolutionConfigurationPlatforms) = preSolution
		Debug|Any CPU = Debug|Any CPU
		Release|Any CPU = Release|Any CPU
	EndGlobalSection
	GlobalSection(ProjectConfigurationPlatforms) = postSolution
		{C490C0D7-B2F1-4894-835E-83ED6DE65F82}.Debug|Any CPU.ActiveCfg = Debug|Any CPU
		{C490C0D7-B2F1-4894-835E-83ED6DE65F82}.Debug|Any CPU.Build.0 = Debug|Any CPU
		{C490C0D7-B2F1-4894-835E-83ED6DE65F82}.Release|Any CPU.ActiveCfg = Release|Any CPU
		{C490C0D7-B2F1-4894-835E-83ED6DE65F82}.Release|Any CPU.Build.0 = Release|Any CPU
		{8438C0C4-4A50-4175-8484-B00C5CB59401}.Debug|Any CPU.ActiveCfg = Debug|Any CPU
		{8438C0C4-4A50-4175-8484-B00C5CB59401}.Debug|Any CPU.Build.0 = Debug|Any CPU
		{8438C0C4-4A50-4175-8484-B00C5CB59401}.Release|Any CPU.ActiveCfg = Release|Any CPU
		{8438C0C4-4A50-4175-8484-B00C5CB59401}.Release|Any CPU.Build.0 = Release|Any CPU
	EndGlobalSection
	GlobalSection(SolutionProperties) = preSolution
		HideSolutionNode = FALSE
	EndGlobalSection
	GlobalSection(ExtensibilityGlobals) = postSolution
		SolutionGuid = {CDBC81D6-8636-4420-A54D-CDC7EE9A00B7}
	EndGlobalSection
EndGlobal
